
Microsoft Visual Studio Solution File, Format Version 12.00
# Visual Studio Version 17
VisualStudioVersion = 17.5.33516.290
MinimumVisualStudioVersion = 10.0.40219.1
Project("{FAE04EC0-301F-11D3-BF4B-00C04F79EFBC}") = "LLamaHub.Core", "LLamaHub.Core\LLamaHub.Core.csproj", "{4558DABC-9E92-4A37-85C6-A9C61C253CE3}"
EndProject
Project("{FAE04EC0-301F-11D3-BF4B-00C04F79EFBC}") = "LLamaHub.Console", "LLamaHub.Console\LLamaHub.Console.csproj", "{C2C05876-0CB9-443B-9CBD-6530011EC5B3}"
EndProject
Project("{FAE04EC0-301F-11D3-BF4B-00C04F79EFBC}") = "LLamaHub.Web", "LLamaHub.Web\LLamaHub.Web.csproj", "{2B95400A-DACD-4D4B-AEF0-73B7FD42A0BC}"
EndProject
Global
	GlobalSection(SolutionConfigurationPlatforms) = preSolution
		Debug|Any CPU = Debug|Any CPU
		Release|Any CPU = Release|Any CPU
	EndGlobalSection
	GlobalSection(ProjectConfigurationPlatforms) = postSolution
		{4558DABC-9E92-4A37-85C6-A9C61C253CE3}.Debug|Any CPU.ActiveCfg = Debug|Any CPU
		{4558DABC-9E92-4A37-85C6-A9C61C253CE3}.Debug|Any CPU.Build.0 = Debug|Any CPU
		{4558DABC-9E92-4A37-85C6-A9C61C253CE3}.Release|Any CPU.ActiveCfg = Release|Any CPU
		{4558DABC-9E92-4A37-85C6-A9C61C253CE3}.Release|Any CPU.Build.0 = Release|Any CPU
		{C2C05876-0CB9-443B-9CBD-6530011EC5B3}.Debug|Any CPU.ActiveCfg = Debug|Any CPU
		{C2C05876-0CB9-443B-9CBD-6530011EC5B3}.Debug|Any CPU.Build.0 = Debug|Any CPU
		{C2C05876-0CB9-443B-9CBD-6530011EC5B3}.Release|Any CPU.ActiveCfg = Release|Any CPU
		{C2C05876-0CB9-443B-9CBD-6530011EC5B3}.Release|Any CPU.Build.0 = Release|Any CPU
		{2B95400A-DACD-4D4B-AEF0-73B7FD42A0BC}.Debug|Any CPU.ActiveCfg = Debug|Any CPU
		{2B95400A-DACD-4D4B-AEF0-73B7FD42A0BC}.Debug|Any CPU.Build.0 = Debug|Any CPU
		{2B95400A-DACD-4D4B-AEF0-73B7FD42A0BC}.Release|Any CPU.ActiveCfg = Release|Any CPU
		{2B95400A-DACD-4D4B-AEF0-73B7FD42A0BC}.Release|Any CPU.Build.0 = Release|Any CPU
	EndGlobalSection
	GlobalSection(SolutionProperties) = preSolution
		HideSolutionNode = FALSE
	EndGlobalSection
	GlobalSection(ExtensibilityGlobals) = postSolution
		SolutionGuid = {5AA25E14-97B8-461A-89DD-416C0A49F46D}
	EndGlobalSection
EndGlobal
